// !$*UTF8*$!
{
	archiveVersion = 1;
	classes = {
	};
	objectVersion = 77;
	objects = {

/* Begin PBXContainerItemProxy section */
		EC81470A2FF1AF21009039E3 /* PBXContainerItemProxy */ = {
			isa = PBXContainerItemProxy;
			containerPortal = EC8146F22FF1AF20009039E3 /* Project object */;
			proxyType = 1;
			remoteGlobalIDString = EC8146F92FF1AF20009039E3;
			remoteInfo = AIPoweredFitnessApp;
		};
		EC8147142FF1AF21009039E3 /* PBXContainerItemProxy */ = {
			isa = PBXContainerItemProxy;
			containerPortal = EC8146F22FF1AF20009039E3 /* Project object */;
			proxyType = 1;
			remoteGlobalIDString = EC8146F92FF1AF20009039E3;
			remoteInfo = AIPoweredFitnessApp;
		};
/* End PBXContainerItemProxy section */

/* Begin PBXFileReference section */
		EC8146FA2FF1AF20009039E3 /* AIPoweredFitnessApp.app */ = {isa = PBXFileReference; explicitFileType = wrapper.application; includeInIndex = 0; path = AIPoweredFitnessApp.app; sourceTree = BUILT_PRODUCTS_DIR; };
		EC8147092FF1AF21009039E3 /* AIPoweredFitnessAppTests.xctest */ = {isa = PBXFileReference; explicitFileType = wrapper.cfbundle; includeInIndex = 0; path = AIPoweredFitnessAppTests.xctest; sourceTree = BUILT_PRODUCTS_DIR; };
		EC8147132FF1AF21009039E3 /* AIPoweredFitnessAppUITests.xctest */ = {isa = PBXFileReference; explicitFileType = wrapper.cfbundle; includeInIndex = 0; path = AIPoweredFitnessAppUITests.xctest; sourceTree = BUILT_PRODUCTS_DIR; };
/* End PBXFileReference section */

/* Begin PBXFileSystemSynchronizedRootGroup section */
		EC8146FC2FF1AF20009039E3 /* AIPoweredFitnessApp */ = {
			isa = PBXFileSystemSynchronizedRootGroup;
			path = AIPoweredFitnessApp;
			sourceTree = "<group>";
		};
		EC81470C2FF1AF21009039E3 /* AIPoweredFitnessAppTests */ = {
			isa = PBXFileSystemSynchronizedRootGroup;
			path = AIPoweredFitnessAppTests;
			sourceTree = "<group>";
		};
		EC8147162FF1AF21009039E3 /* AIPoweredFitnessAppUITests */ = {
			isa = PBXFileSystemSynchronizedRootGroup;
			path = AIPoweredFitnessAppUITests;
			sourceTree = "<group>";
		};
/* End PBXFileSystemSynchronizedRootGroup section */

/* Begin PBXFrameworksBuildPhase section */
		EC8146F72FF1AF20009039E3 /* Frameworks */ = {
			isa = PBXFrameworksBuildPhase;
			buildActionMask = 2147483647;
			files = (
			);
			runOnlyForDeploymentPostprocessing = 0;
		};
		EC8147062FF1AF21009039E3 /* Frameworks */ = {
			isa = PBXFrameworksBuildPhase;
			buildActionMask = 2147483647;
			files = (
			);
			runOnlyForDeploymentPostprocessing = 0;
		};
		EC8147102FF1AF21009039E3 /* Frameworks */ = {
			isa = PBXFrameworksBuildPhase;
			buildActionMask = 2147483647;
			files = (
			);
			runOnlyForDeploymentPostprocessing = 0;
		};
/* End PBXFrameworksBuildPhase section */

/* Begin PBXGroup section */
		EC8146F12FF1AF20009039E3 = {
			isa = PBXGroup;
			children = (
				EC8146FC2FF1AF20009039E3 /* AIPoweredFitnessApp */,
				EC81470C2FF1AF21009039E3 /* AIPoweredFitnessAppTests */,
				EC8147162FF1AF21009039E3 /* AIPoweredFitnessAppUITests */,
				EC8146FB2FF1AF20009039E3 /* Products */,
			);
			sourceTree = "<group>";
		};
		EC8146FB2FF1AF20009039E3 /* Products */ = {
			isa = PBXGroup;
			children = (
				EC8146FA2FF1AF20009039E3 /* AIPoweredFitnessApp.app */,
				EC8147092FF1AF21009039E3 /* AIPoweredFitnessAppTests.xctest */,
				EC8147132FF1AF21009039E3 /* AIPoweredFitnessAppUITests.xctest */,
			);
			name = Products;
			sourceTree = "<group>";
		};
/* End PBXGroup section */

/* Begin PBXNativeTarget section */
		EC8146F92FF1AF20009039E3 /* AIPoweredFitnessApp */ = {
			isa = PBXNativeTarget;
			buildConfigurationList = EC81471D2FF1AF21009039E3 /* Build configuration list for PBXNativeTarget "AIPoweredFitnessApp" */;
			buildPhases = (
				EC8146F62FF1AF20009039E3 /* Sources */,
				EC8146F72FF1AF20009039E3 /* Frameworks */,
				EC8146F82FF1AF20009039E3 /* Resources */,
			);
			buildRules = (
			);
			dependencies = (
			);
			fileSystemSynchronizedGroups = (
				EC8146FC2FF1AF20009039E3 /* AIPoweredFitnessApp */,
			);
			name = AIPoweredFitnessApp;
			packageProductDependencies = (
			);
			productName = AIPoweredFitnessApp;
			productReference = EC8146FA2FF1AF20009039E3 /* AIPoweredFitnessApp.app */;
			productType = "com.apple.product-type.application";
		};
		EC8147082FF1AF21009039E3 /* AIPoweredFitnessAppTests */ = {
			isa = PBXNativeTarget;
			buildConfigurationList = EC8147202FF1AF21009039E3 /* Build configuration list for PBXNativeTarget "AIPoweredFitnessAppTests" */;
			buildPhases = (
				EC8147052FF1AF21009039E3 /* Sources */,
				EC8147062FF1AF21009039E3 /* Frameworks */,
				EC8147072FF1AF21009039E3 /* Resources */,
			);
			buildRules = (
			);
			dependencies = (
				EC81470B2FF1AF21009039E3 /* PBXTargetDependency */,
			);
			fileSystemSynchronizedGroups = (
				EC81470C2FF1AF21009039E3 /* AIPoweredFitnessAppTests */,
			);
			name = AIPoweredFitnessAppTests;
			packageProductDependencies = (
			);
			productName = AIPoweredFitnessAppTests;
			productReference = EC8147092FF1AF21009039E3 /* AIPoweredFitnessAppTests.xctest */;
			productType = "com.apple.product-type.bundle.unit-test";
		};
		EC8147122FF1AF21009039E3 /* AIPoweredFitnessAppUITests */ = {
			isa = PBXNativeTarget;
			buildConfigurationList = EC8147232FF1AF21009039E3 /* Build configuration list for PBXNativeTarget "AIPoweredFitnessAppUITests" */;
			buildPhases = (
				EC81470F2FF1AF21009039E3 /* Sources */,
				EC8147102FF1AF21009039E3 /* Frameworks */,
				EC8147112FF1AF21009039E3 /* Resources */,
			);
			buildRules = (
			);
			dependencies = (
				EC8147152FF1AF21009039E3 /* PBXTargetDependency */,
			);
			fileSystemSynchronizedGroups = (
				EC8147162FF1AF21009039E3 /* AIPoweredFitnessAppUITests */,
			);
			name = AIPoweredFitnessAppUITests;
			packageProductDependencies = (
			);
			productName = AIPoweredFitnessAppUITests;
			productReference = EC8147132FF1AF21009039E3 /* AIPoweredFitnessAppUITests.xctest */;
			productType = "com.apple.product-type.bundle.ui-testing";
		};
/* End PBXNativeTarget section */

/* Begin PBXProject section */
		EC8146F22FF1AF20009039E3 /* Project object */ = {
			isa = PBXProject;
			attributes = {
				BuildIndependentTargetsInParallel = 1;
				LastSwiftUpdateCheck = 2660;
				LastUpgradeCheck = 2660;
				TargetAttributes = {
					EC8146F92FF1AF20009039E3 = {
						CreatedOnToolsVersion = 26.6;
					};
					EC8147082FF1AF21009039E3 = {
						CreatedOnToolsVersion = 26.6;
						TestTargetID = EC8146F92FF1AF20009039E3;
					};
					EC8147122FF1AF21009039E3 = {
						CreatedOnToolsVersion = 26.6;
						TestTargetID = EC8146F92FF1AF20009039E3;
					};
				};
			};
			buildConfigurationList = EC8146F52FF1AF20009039E3 /* Build configuration list for PBXProject "AIPoweredFitnessApp" */;
			developmentRegion = en;
			hasScannedForEncodings = 0;
			knownRegions = (
				en,
				Base,
			);
			mainGroup = EC8146F12FF1AF20009039E3;
			minimizedProjectReferenceProxies = 1;
			preferredProjectObjectVersion = 77;
			productRefGroup = EC8146FB2FF1AF20009039E3 /* Products */;
			projectDirPath = "";
			projectRoot = "";
			targets = (
				EC8146F92FF1AF20009039E3 /* AIPoweredFitnessApp */,
				EC8147082FF1AF21009039E3 /* AIPoweredFitnessAppTests */,
				EC8147122FF1AF21009039E3 /* AIPoweredFitnessAppUITests */,
			);
		};
/* End PBXProject section */

/* Begin PBXResourcesBuildPhase section */
		EC8146F82FF1AF20009039E3 /* Resources */ = {
			isa = PBXResourcesBuildPhase;
			buildActionMask = 2147483647;
			files = (
			);
			runOnlyForDeploymentPostprocessing = 0;
		};
		EC8147072FF1AF21009039E3 /* Resources */ = {
			isa = PBXResourcesBuildPhase;
			buildActionMask = 2147483647;
			files = (
			);
			runOnlyForDeploymentPostprocessing = 0;
		};
		EC8147112FF1AF21009039E3 /* Resources */ = {
			isa = PBXResourcesBuildPhase;
			buildActionMask = 2147483647;
			files = (
			);
			runOnlyForDeploymentPostprocessing = 0;
		};
/* End PBXResourcesBuildPhase section */

/* Begin PBXSourcesBuildPhase section */
		EC8146F62FF1AF20009039E3 /* Sources */ = {
			isa = PBXSourcesBuildPhase;
			buildActionMask = 2147483647;
			files = (
			);
			runOnlyForDeploymentPostprocessing = 0;
		};
		EC8147052FF1AF21009039E3 /* Sources */ = {
			isa = PBXSourcesBuildPhase;
			buildActionMask = 2147483647;
			files = (
			);
			runOnlyForDeploymentPostprocessing = 0;
		};
		EC81470F2FF1AF21009039E3 /* Sources */ = {
			isa = PBXSourcesBuildPhase;
			buildActionMask = 2147483647;
			files = (
			);
			runOnlyForDeploymentPostprocessing = 0;
		};
/* End PBXSourcesBuildPhase section */

/* Begin PBXTargetDependency section */
		EC81470B2FF1AF21009039E3 /* PBXTargetDependency */ = {
			isa = PBXTargetDependency;
			target = EC8146F92FF1AF20009039E3 /* AIPoweredFitnessApp */;
			targetProxy = EC81470A2FF1AF21009039E3 /* PBXContainerItemProxy */;
		};
		EC8147152FF1AF21009039E3 /* PBXTargetDependency */ = {
			isa = PBXTargetDependency;
			target = EC8146F92FF1AF20009039E3 /* AIPoweredFitnessApp */;
			targetProxy = EC8147142FF1AF21009039E3 /* PBXContainerItemProxy */;
		};
/* End PBXTargetDependency section */

/* Begin XCBuildConfiguration section */
		EC81471B2FF1AF21009039E3 /* Debug */ = {
			isa = XCBuildConfiguration;
			buildSettings = {
				ALWAYS_SEARCH_USER_PATHS = NO;
				ASSETCATALOG_COMPILER_GENERATE_SWIFT_ASSET_SYMBOL_EXTENSIONS = YES;
				CLANG_ANALYZER_NONNULL = YES;
				CLANG_ANALYZER_NUMBER_OBJECT_CONVERSION = YES_AGGRESSIVE;
				CLANG_CXX_LANGUAGE_STANDARD = "gnu++20";
				CLANG_ENABLE_MODULES = YES;
				CLANG_ENABLE_OBJC_ARC = YES;
				CLANG_ENABLE_OBJC_WEAK = YES;
				CLANG_WARN_BLOCK_CAPTURE_AUTORELEASING = YES;
				CLANG_WARN_BOOL_CONVERSION = YES;
				CLANG_WARN_COMMA = YES;
				CLANG_WARN_CONSTANT_CONVERSION = YES;
				CLANG_WARN_DEPRECATED_OBJC_IMPLEMENTATIONS = YES;
				CLANG_WARN_DIRECT_OBJC_ISA_USAGE = YES_ERROR;
				CLANG_WARN_DOCUMENTATION_COMMENTS = YES;
				CLANG_WARN_EMPTY_BODY = YES;
				CLANG_WARN_ENUM_CONVERSION = YES;
				CLANG_WARN_INFINITE_RECURSION = YES;
				CLANG_WARN_INT_CONVERSION = YES;
				CLANG_WARN_NON_LITERAL_NULL_CONVERSION = YES;
				CLANG_WARN_OBJC_IMPLICIT_RETAIN_SELF = YES;
				CLANG_WARN_OBJC_LITERAL_CONVERSION = YES;
				CLANG_WARN_OBJC_ROOT_CLASS = YES_ERROR;
				CLANG_WARN_QUOTED_INCLUDE_IN_FRAMEWORK_HEADER = YES;
				CLANG_WARN_RANGE_LOOP_ANALYSIS = YES;
				CLANG_WARN_STRICT_PROTOTYPES = YES;
				CLANG_WARN_SUSPICIOUS_MOVE = YES;
				CLANG_WARN_UNGUARDED_AVAILABILITY = YES_AGGRESSIVE;
				CLANG_WARN_UNREACHABLE_CODE = YES;
				CLANG_WARN__DUPLICATE_METHOD_MATCH = YES;
				COPY_PHASE_STRIP = NO;
				DEBUG_INFORMATION_FORMAT = dwarf;
				DEVELOPMENT_TEAM = ATSJM4QNXM;
				ENABLE_STRICT_OBJC_MSGSEND = YES;
				ENABLE_TESTABILITY = YES;
				ENABLE_USER_SCRIPT_SANDBOXING = YES;
				GCC_C_LANGUAGE_STANDARD = gnu17;
				GCC_DYNAMIC_NO_PIC = NO;
				GCC_NO_COMMON_BLOCKS = YES;
				GCC_OPTIMIZATION_LEVEL = 0;
				GCC_PREPROCESSOR_DEFINITIONS = (
					"DEBUG=1",
					"$(inherited)",
				);
				GCC_WARN_64_TO_32_BIT_CONVERSION = YES;
				GCC_WARN_ABOUT_RETURN_TYPE = YES_ERROR;
				GCC_WARN_UNDECLARED_SELECTOR = YES;
				GCC_WARN_UNINITIALIZED_AUTOS = YES_AGGRESSIVE;
				GCC_WARN_UNUSED_FUNCTION = YES;
				GCC_WARN_UNUSED_VARIABLE = YES;
				IPHONEOS_DEPLOYMENT_TARGET = 26.5;
				LOCALIZATION_PREFERS_STRING_CATALOGS = YES;
				MTL_ENABLE_DEBUG_INFO = INCLUDE_SOURCE;
				MTL_FAST_MATH = YES;
				ONLY_ACTIVE_ARCH = YES;
				SDKROOT = iphoneos;
				SWIFT_ACTIVE_COMPILATION_CONDITIONS = "DEBUG $(inherited)";
				SWIFT_OPTIMIZATION_LEVEL = "-Onone";
			};
			name = Debug;
		};
		EC81471C2FF1AF21009039E3 /* Release */ = {
			isa = XCBuildConfiguration;
			buildSettings = {
				ALWAYS_SEARCH_USER_PATHS = NO;
				ASSETCATALOG_COMPILER_GENERATE_SWIFT_ASSET_SYMBOL_EXTENSIONS = YES;
				CLANG_ANALYZER_NONNULL = YES;
				CLANG_ANALYZER_NUMBER_OBJECT_CONVERSION = YES_AGGRESSIVE;
				CLANG_CXX_LANGUAGE_STANDARD = "gnu++20";
				CLANG_ENABLE_MODULES = YES;
				CLANG_ENABLE_OBJC_ARC = YES;
				CLANG_ENABLE_OBJC_WEAK = YES;
				CLANG_WARN_BLOCK_CAPTURE_AUTORELEASING = YES;
				CLANG_WARN_BOOL_CONVERSION = YES;
				CLANG_WARN_COMMA = YES;
				CLANG_WARN_CONSTANT_CONVERSION = YES;
				CLANG_WARN_DEPRECATED_OBJC_IMPLEMENTATIONS = YES;
				CLANG_WARN_DIRECT_OBJC_ISA_USAGE = YES_ERROR;
				CLANG_WARN_DOCUMENTATION_COMMENTS = YES;
				CLANG_WARN_EMPTY_BODY = YES;
				CLANG_WARN_ENUM_CONVERSION = YES;
				CLANG_WARN_INFINITE_RECURSION = YES;
				CLANG_WARN_INT_CONVERSION = YES;
				CLANG_WARN_NON_LITERAL_NULL_CONVERSION = YES;
				CLANG_WARN_OBJC_IMPLICIT_RETAIN_SELF = YES;
				CLANG_WARN_OBJC_LITERAL_CONVERSION = YES;
				CLANG_WARN_OBJC_ROOT_CLASS = YES_ERROR;
				CLANG_WARN_QUOTED_INCLUDE_IN_FRAMEWORK_HEADER = YES;
				CLANG_WARN_RANGE_LOOP_ANALYSIS = YES;
				CLANG_WARN_STRICT_PROTOTYPES = YES;
				CLANG_WARN_SUSPICIOUS_MOVE = YES;
				CLANG_WARN_UNGUARDED_AVAILABILITY = YES_AGGRESSIVE;
				CLANG_WARN_UNREACHABLE_CODE = YES;
				CLANG_WARN__DUPLICATE_METHOD_MATCH = YES;
				COPY_PHASE_STRIP = NO;
				DEBUG_INFORMATION_FORMAT = "dwarf-with-dsym";
				DEVELOPMENT_TEAM = ATSJM4QNXM;
				ENABLE_NS_ASSERTIONS = NO;
				ENABLE_STRICT_OBJC_MSGSEND = YES;
				ENABLE_USER_SCRIPT_SANDBOXING = YES;
				GCC_C_LANGUAGE_STANDARD = gnu17;
				GCC_NO_COMMON_BLOCKS = YES;
				GCC_WARN_64_TO_32_BIT_CONVERSION = YES;
				GCC_WARN_ABOUT_RETURN_TYPE = YES_ERROR;
				GCC_WARN_UNDECLARED_SELECTOR = YES;
				GCC_WARN_UNINITIALIZED_AUTOS = YES_AGGRESSIVE;
				GCC_WARN_UNUSED_FUNCTION = YES;
				GCC_WARN_UNUSED_VARIABLE = YES;
				IPHONEOS_DEPLOYMENT_TARGET = 26.5;
				LOCALIZATION_PREFERS_STRING_CATALOGS = YES;
				MTL_ENABLE_DEBUG_INFO = NO;
				MTL_FAST_MATH = YES;
				SDKROOT = iphoneos;
				SWIFT_COMPILATION_MODE = wholemodule;
				VALIDATE_PRODUCT = YES;
			};
			name = Release;
		};
		EC81471E2FF1AF21009039E3 /* Debug */ = {
			isa = XCBuildConfiguration;
			buildSettings = {
				ASSETCATALOG_COMPILER_APPICON_NAME = AppIcon;
				ASSETCATALOG_COMPILER_GLOBAL_ACCENT_COLOR_NAME = AccentColor;
				CODE_SIGN_STYLE = Automatic;
				CURRENT_PROJECT_VERSION = 1;
				DEVELOPMENT_TEAM = ATSJM4QNXM;
				ENABLE_PREVIEWS = YES;
				GENERATE_INFOPLIST_FILE = YES;
				INFOPLIST_KEY_UIApplicationSceneManifest_Generation = YES;
				INFOPLIST_KEY_UIApplicationSupportsIndirectInputEvents = YES;
				INFOPLIST_KEY_UILaunchScreen_Generation = YES;
				INFOPLIST_KEY_UISupportedInterfaceOrientations_iPad = "UIInterfaceOrientationPortrait UIInterfaceOrientationPortraitUpsideDown UIInterfaceOrientationLandscapeLeft UIInterfaceOrientationLandscapeRight";
				INFOPLIST_KEY_UISupportedInterfaceOrientations_iPhone = "UIInterfaceOrientationPortrait UIInterfaceOrientationLandscapeLeft UIInterfaceOrientationLandscapeRight";
				LD_RUNPATH_SEARCH_PATHS = (
					"$(inherited)",
					"@executable_path/Frameworks",
				);
				MARKETING_VERSION = 1.0;
				PRODUCT_BUNDLE_IDENTIFIER = com.kylecahill.AIPoweredFitnessApp;
				PRODUCT_NAME = "$(TARGET_NAME)";
				STRING_CATALOG_GENERATE_SYMBOLS = YES;
				SWIFT_APPROACHABLE_CONCURRENCY = YES;
				SWIFT_DEFAULT_ACTOR_ISOLATION = MainActor;
				SWIFT_EMIT_LOC_STRINGS = YES;
				SWIFT_UPCOMING_FEATURE_MEMBER_IMPORT_VISIBILITY = YES;
				SWIFT_VERSION = 5.0;
				TARGETED_DEVICE_FAMILY = "1,2";
			};
			name = Debug;
		};
		EC81471F2FF1AF21009039E3 /* Release */ = {
			isa = XCBuildConfiguration;
			buildSettings = {
				ASSETCATALOG_COMPILER_APPICON_NAME = AppIcon;
				ASSETCATALOG_COMPILER_GLOBAL_ACCENT_COLOR_NAME = AccentColor;
				CODE_SIGN_STYLE = Automatic;
				CURRENT_PROJECT_VERSION = 1;
				DEVELOPMENT_TEAM = ATSJM4QNXM;
				ENABLE_PREVIEWS = YES;
				GENERATE_INFOPLIST_FILE = YES;
				INFOPLIST_KEY_UIApplicationSceneManifest_Generation = YES;
				INFOPLIST_KEY_UIApplicationSupportsIndirectInputEvents = YES;
				INFOPLIST_KEY_UILaunchScreen_Generation = YES;
				INFOPLIST_KEY_UISupportedInterfaceOrientations_iPad = "UIInterfaceOrientationPortrait UIInterfaceOrientationPortraitUpsideDown UIInterfaceOrientationLandscapeLeft UIInterfaceOrientationLandscapeRight";
				INFOPLIST_KEY_UISupportedInterfaceOrientations_iPhone = "UIInterfaceOrientationPortrait UIInterfaceOrientationLandscapeLeft UIInterfaceOrientationLandscapeRight";
				LD_RUNPATH_SEARCH_PATHS = (
					"$(inherited)",
					"@executable_path/Frameworks",
				);
				MARKETING_VERSION = 1.0;
				PRODUCT_BUNDLE_IDENTIFIER = com.kylecahill.AIPoweredFitnessApp;
				PRODUCT_NAME = "$(TARGET_NAME)";
				STRING_CATALOG_GENERATE_SYMBOLS = YES;
				SWIFT_APPROACHABLE_CONCURRENCY = YES;
				SWIFT_DEFAULT_ACTOR_ISOLATION = MainActor;
				SWIFT_EMIT_LOC_STRINGS = YES;
				SWIFT_UPCOMING_FEATURE_MEMBER_IMPORT_VISIBILITY = YES;
				SWIFT_VERSION = 5.0;
				TARGETED_DEVICE_FAMILY = "1,2";
			};
			name = Release;
		};
		EC8147212FF1AF21009039E3 /* Debug */ = {
			isa = XCBuildConfiguration;
			buildSettings = {
				BUNDLE_LOADER = "$(TEST_HOST)";
				CODE_SIGN_STYLE = Automatic;
				CURRENT_PROJECT_VERSION = 1;
				DEVELOPMENT_TEAM = ATSJM4QNXM;
				GENERATE_INFOPLIST_FILE = YES;
				IPHONEOS_DEPLOYMENT_TARGET = 26.5;
				MARKETING_VERSION = 1.0;
				PRODUCT_BUNDLE_IDENTIFIER = com.kylecahill.AIPoweredFitnessAppTests;
				PRODUCT_NAME = "$(TARGET_NAME)";
				STRING_CATALOG_GENERATE_SYMBOLS = NO;
				SWIFT_APPROACHABLE_CONCURRENCY = YES;
				SWIFT_EMIT_LOC_STRINGS = NO;
				SWIFT_UPCOMING_FEATURE_MEMBER_IMPORT_VISIBILITY = YES;
				SWIFT_VERSION = 5.0;
				TARGETED_DEVICE_FAMILY = "1,2";
				TEST_HOST = "$(BUILT_PRODUCTS_DIR)/AIPoweredFitnessApp.app/$(BUNDLE_EXECUTABLE_FOLDER_PATH)/AIPoweredFitnessApp";
			};
			name = Debug;
		};
		EC8147222FF1AF21009039E3 /* Release */ = {
			isa = XCBuildConfiguration;
			buildSettings = {
				BUNDLE_LOADER = "$(TEST_HOST)";
				CODE_SIGN_STYLE = Automatic;
				CURRENT_PROJECT_VERSION = 1;
				DEVELOPMENT_TEAM = ATSJM4QNXM;
				GENERATE_INFOPLIST_FILE = YES;
				IPHONEOS_DEPLOYMENT_TARGET = 26.5;
				MARKETING_VERSION = 1.0;
				PRODUCT_BUNDLE_IDENTIFIER = com.kylecahill.AIPoweredFitnessAppTests;
				PRODUCT_NAME = "$(TARGET_NAME)";
				STRING_CATALOG_GENERATE_SYMBOLS = NO;
				SWIFT_APPROACHABLE_CONCURRENCY = YES;
				SWIFT_EMIT_LOC_STRINGS = NO;
				SWIFT_UPCOMING_FEATURE_MEMBER_IMPORT_VISIBILITY = YES;
				SWIFT_VERSION = 5.0;
				TARGETED_DEVICE_FAMILY = "1,2";
				TEST_HOST = "$(BUILT_PRODUCTS_DIR)/AIPoweredFitnessApp.app/$(BUNDLE_EXECUTABLE_FOLDER_PATH)/AIPoweredFitnessApp";
			};
			name = Release;
		};
		EC8147242FF1AF21009039E3 /* Debug */ = {
			isa = XCBuildConfiguration;
			buildSettings = {
				CODE_SIGN_STYLE = Automatic;
				CURRENT_PROJECT_VERSION = 1;
				DEVELOPMENT_TEAM = ATSJM4QNXM;
				GENERATE_INFOPLIST_FILE = YES;
				MARKETING_VERSION = 1.0;
				PRODUCT_BUNDLE_IDENTIFIER = com.kylecahill.AIPoweredFitnessAppUITests;
				PRODUCT_NAME = "$(TARGET_NAME)";
				STRING_CATALOG_GENERATE_SYMBOLS = NO;
				SWIFT_APPROACHABLE_CONCURRENCY = YES;
				SWIFT_EMIT_LOC_STRINGS = NO;
				SWIFT_UPCOMING_FEATURE_MEMBER_IMPORT_VISIBILITY = YES;
				SWIFT_VERSION = 5.0;
				TARGETED_DEVICE_FAMILY = "1,2";
				TEST_TARGET_NAME = AIPoweredFitnessApp;
			};
			name = Debug;
		};
		EC8147252FF1AF21009039E3 /* Release */ = {
			isa = XCBuildConfiguration;
			buildSettings = {
				CODE_SIGN_STYLE = Automatic;
				CURRENT_PROJECT_VERSION = 1;
				DEVELOPMENT_TEAM = ATSJM4QNXM;
				GENERATE_INFOPLIST_FILE = YES;
				MARKETING_VERSION = 1.0;
				PRODUCT_BUNDLE_IDENTIFIER = com.kylecahill.AIPoweredFitnessAppUITests;
				PRODUCT_NAME = "$(TARGET_NAME)";
				STRING_CATALOG_GENERATE_SYMBOLS = NO;
				SWIFT_APPROACHABLE_CONCURRENCY = YES;
				SWIFT_EMIT_LOC_STRINGS = NO;
				SWIFT_UPCOMING_FEATURE_MEMBER_IMPORT_VISIBILITY = YES;
				SWIFT_VERSION = 5.0;
				TARGETED_DEVICE_FAMILY = "1,2";
				TEST_TARGET_NAME = AIPoweredFitnessApp;
			};
			name = Release;
		};
/* End XCBuildConfiguration section */

/* Begin XCConfigurationList section */
		EC8146F52FF1AF20009039E3 /* Build configuration list for PBXProject "AIPoweredFitnessApp" */ = {
			isa = XCConfigurationList;
			buildConfigurations = (
				EC81471B2FF1AF21009039E3 /* Debug */,
				EC81471C2FF1AF21009039E3 /* Release */,
			);
			defaultConfigurationIsVisible = 0;
			defaultConfigurationName = Release;
		};
		EC81471D2FF1AF21009039E3 /* Build configuration list for PBXNativeTarget "AIPoweredFitnessApp" */ = {
			isa = XCConfigurationList;
			buildConfigurations = (
				EC81471E2FF1AF21009039E3 /* Debug */,
				EC81471F2FF1AF21009039E3 /* Release */,
			);
			defaultConfigurationIsVisible = 0;
			defaultConfigurationName = Release;
		};
		EC8147202FF1AF21009039E3 /* Build configuration list for PBXNativeTarget "AIPoweredFitnessAppTests" */ = {
			isa = XCConfigurationList;
			buildConfigurations = (
				EC8147212FF1AF21009039E3 /* Debug */,
				EC8147222FF1AF21009039E3 /* Release */,
			);
			defaultConfigurationIsVisible = 0;
			defaultConfigurationName = Release;
		};
		EC8147232FF1AF21009039E3 /* Build configuration list for PBXNativeTarget "AIPoweredFitnessAppUITests" */ = {
			isa = XCConfigurationList;
			buildConfigurations = (
				EC8147242FF1AF21009039E3 /* Debug */,
				EC8147252FF1AF21009039E3 /* Release */,
			);
			defaultConfigurationIsVisible = 0;
			defaultConfigurationName = Release;
		};
/* End XCConfigurationList section */
	};
	rootObject = EC8146F22FF1AF20009039E3 /* Project object */;
}
